
Microsoft Visual Studio Solution File, Format Version 12.00
# Visual Studio Version 16
VisualStudioVersion = 16.0.31702.278
MinimumVisualStudioVersion = 10.0.40219.1
Project("{FAE04EC0-301F-11D3-BF4B-00C04F79EFBC}") = "Module10SolRing", "Module10SolRing\Module10SolRing.csproj", "{C6A69A35-2DB0-4032-95A7-495B41507380}"
EndProject
Global
	GlobalSection(SolutionConfigurationPlatforms) = preSolution
		Debug|Any CPU = Debug|Any CPU
		Release|Any CPU = Release|Any CPU
	EndGlobalSection
	GlobalSection(ProjectConfigurationPlatforms) = postSolution
		{C6A69A35-2DB0-4032-95A7-495B41507380}.Debug|Any CPU.ActiveCfg = Debug|Any CPU
		{C6A69A35-2DB0-4032-95A7-495B41507380}.Debug|Any CPU.Build.0 = Debug|Any CPU
		{C6A69A35-2DB0-4032-95A7-495B41507380}.Release|Any CPU.ActiveCfg = Release|Any CPU
		{C6A69A35-2DB0-4032-95A7-495B41507380}.Release|Any CPU.Build.0 = Release|Any CPU
	EndGlobalSection
	GlobalSection(SolutionProperties) = preSolution
		HideSolutionNode = FALSE
	EndGlobalSection
	GlobalSection(ExtensibilityGlobals) = postSolution
		SolutionGuid = {405B35FA-9A16-437F-84F9-6C302D81D5A1}
	EndGlobalSection
EndGlobal
